{
  "name": "heyarr-tizen",
  "version": "0.1.0",
  "lockfileVersion": 3,
  "requires": true,
  "packages": {
    "": {
      "name": "heyarr-tizen",
      "version": "0.1.0",
      "license": "AGPL-3.0-or-later",
      "dependencies": {
        "@rarebit-one/voidbind-web": "git+https://github.com/rarebit-one/voidbind-web.git#ca0b4d12ac2647cc416db5535d405767a2f0c4c1"
      },
      "engines": {
        "node": ">=18"
      }
    },
    "node_modules/@rarebit-one/voidbind-web": {
      "version": "0.1.0",
      "resolved": "git+ssh://git@github.com/rarebit-one/voidbind-web.git#ca0b4d12ac2647cc416db5535d405767a2f0c4c1",
      "integrity": "sha512-SSb+sDaxaeWNp82HI7ZdTv6CfHNyCAOyaf9dEij8kEzuL57q0GilsSRfB8nyhEwsogoFfb16DhxDHmr/bZRjPA==",
      "license": "AGPL-3.0-or-later",
      "engines": {
        "node": ">=18"
      }
    }
  }
}
