{
  "name": "heyarr-tizen",
  "version": "0.1.0",
  "lockfileVersion": 3,
  "requires": true,
  "packages": {
    "": {
      "name": "heyarr-tizen",
      "version": "0.1.0",
      "license": "AGPL-3.0-or-later",
      "dependencies": {
        "@rarebit-one/voidbind-web": "git+https://github.com/rarebit-one/voidbind-web.git#a0f356eae968f4196f8afc34a130ca0232c9f4c5"
      },
      "engines": {
        "node": ">=18"
      }
    },
    "node_modules/@rarebit-one/voidbind-web": {
      "version": "0.1.0",
      "resolved": "git+ssh://git@github.com/rarebit-one/voidbind-web.git#a0f356eae968f4196f8afc34a130ca0232c9f4c5",
      "integrity": "sha512-gh33+j8M6q1l743GwYfxLQYPp0wPU49Nf0J48DDZvxjoXhX9lIxrqViN8QyVfzV/qJP+6xu9zmPwnhfXkl9/Tw==",
      "license": "AGPL-3.0-or-later",
      "engines": {
        "node": ">=18"
      }
    }
  }
}
